
Microsoft Visual Studio Solution File, Format Version 12.00
Project("{2150E333-8FDC-42A3-9474-1A3956D46DE8}") = "src", "src", "{5FAF4F31-E211-496B-BF13-26FC186553EF}"
EndProject
Project("{FAE04EC0-301F-11D3-BF4B-00C04F79EFBC}") = "Therania", "src\Therania\Therania.csproj", "{53FAEBF1-C334-42D0-A346-3F38BEA54139}"
EndProject
Global
	GlobalSection(SolutionConfigurationPlatforms) = preSolution
		Debug|Any CPU = Debug|Any CPU
		Release|Any CPU = Release|Any CPU
	EndGlobalSection
	GlobalSection(NestedProjects) = preSolution
		{53FAEBF1-C334-42D0-A346-3F38BEA54139} = {5FAF4F31-E211-496B-BF13-26FC186553EF}
	EndGlobalSection
	GlobalSection(ProjectConfigurationPlatforms) = postSolution
		{53FAEBF1-C334-42D0-A346-3F38BEA54139}.Debug|Any CPU.ActiveCfg = Debug|Any CPU
		{53FAEBF1-C334-42D0-A346-3F38BEA54139}.Debug|Any CPU.Build.0 = Debug|Any CPU
		{53FAEBF1-C334-42D0-A346-3F38BEA54139}.Release|Any CPU.ActiveCfg = Release|Any CPU
		{53FAEBF1-C334-42D0-A346-3F38BEA54139}.Release|Any CPU.Build.0 = Release|Any CPU
	EndGlobalSection
EndGlobal
