
Microsoft Visual Studio Solution File, Format Version 12.00
Project("{2150E333-8FDC-42A3-9474-1A3956D46DE8}") = "src", "src", "{C879F6B5-A11F-4393-9F62-4215D8D1E99F}"
EndProject
Project("{FAE04EC0-301F-11D3-BF4B-00C04F79EFBC}") = "TheraniaFront", "src\TheraniaFront\TheraniaFront.csproj", "{9B91475A-B469-440F-8C73-ADB883C81A82}"
EndProject
Global
	GlobalSection(SolutionConfigurationPlatforms) = preSolution
		Debug|Any CPU = Debug|Any CPU
		Release|Any CPU = Release|Any CPU
	EndGlobalSection
	GlobalSection(NestedProjects) = preSolution
		{9B91475A-B469-440F-8C73-ADB883C81A82} = {C879F6B5-A11F-4393-9F62-4215D8D1E99F}
	EndGlobalSection
	GlobalSection(ProjectConfigurationPlatforms) = postSolution
		{9B91475A-B469-440F-8C73-ADB883C81A82}.Debug|Any CPU.ActiveCfg = Debug|Any CPU
		{9B91475A-B469-440F-8C73-ADB883C81A82}.Debug|Any CPU.Build.0 = Debug|Any CPU
		{9B91475A-B469-440F-8C73-ADB883C81A82}.Release|Any CPU.ActiveCfg = Release|Any CPU
		{9B91475A-B469-440F-8C73-ADB883C81A82}.Release|Any CPU.Build.0 = Release|Any CPU
	EndGlobalSection
EndGlobal
