
Microsoft Visual Studio Solution File, Format Version 12.00
Project("{2150E333-8FDC-42A3-9474-1A3956D46DE8}") = "src", "src", "{FEAD5AE1-523E-4CF1-93FA-B512D80B3446}"
EndProject
Project("{FAE04EC0-301F-11D3-BF4B-00C04F79EFBC}") = "TheraniaBack", "src\TheraniaBack\TheraniaBack.csproj", "{9F4CE9D9-DE81-488E-A662-4AAFCFAEDD07}"
EndProject
Global
	GlobalSection(SolutionConfigurationPlatforms) = preSolution
		Debug|Any CPU = Debug|Any CPU
		Release|Any CPU = Release|Any CPU
	EndGlobalSection
	GlobalSection(NestedProjects) = preSolution
		{9F4CE9D9-DE81-488E-A662-4AAFCFAEDD07} = {FEAD5AE1-523E-4CF1-93FA-B512D80B3446}
	EndGlobalSection
	GlobalSection(ProjectConfigurationPlatforms) = postSolution
		{9F4CE9D9-DE81-488E-A662-4AAFCFAEDD07}.Debug|Any CPU.ActiveCfg = Debug|Any CPU
		{9F4CE9D9-DE81-488E-A662-4AAFCFAEDD07}.Debug|Any CPU.Build.0 = Debug|Any CPU
		{9F4CE9D9-DE81-488E-A662-4AAFCFAEDD07}.Release|Any CPU.ActiveCfg = Release|Any CPU
		{9F4CE9D9-DE81-488E-A662-4AAFCFAEDD07}.Release|Any CPU.Build.0 = Release|Any CPU
	EndGlobalSection
EndGlobal
